
Microsoft Visual Studio Solution File, Format Version 12.00
# Visual Studio Version 17
VisualStudioVersion = 17.2.32505.173
MinimumVisualStudioVersion = 10.0.40219.1
Project("{FAE04EC0-301F-11D3-BF4B-00C04F79EFBC}") = "proyectoSemana10TemaFormulariosTareaDeSemanal", "proyectoSemana10TemaFormulariosTareaDeSemanal\proyectoSemana10TemaFormulariosTareaDeSemanal.csproj", "{ADBE5E3E-B1D2-4C28-9D2E-4CD83BD4317D}"
EndProject
Global
	GlobalSection(SolutionConfigurationPlatforms) = preSolution
		Debug|Any CPU = Debug|Any CPU
		Release|Any CPU = Release|Any CPU
	EndGlobalSection
	GlobalSection(ProjectConfigurationPlatforms) = postSolution
		{ADBE5E3E-B1D2-4C28-9D2E-4CD83BD4317D}.Debug|Any CPU.ActiveCfg = Debug|Any CPU
		{ADBE5E3E-B1D2-4C28-9D2E-4CD83BD4317D}.Debug|Any CPU.Build.0 = Debug|Any CPU
		{ADBE5E3E-B1D2-4C28-9D2E-4CD83BD4317D}.Release|Any CPU.ActiveCfg = Release|Any CPU
		{ADBE5E3E-B1D2-4C28-9D2E-4CD83BD4317D}.Release|Any CPU.Build.0 = Release|Any CPU
	EndGlobalSection
	GlobalSection(SolutionProperties) = preSolution
		HideSolutionNode = FALSE
	EndGlobalSection
	GlobalSection(ExtensibilityGlobals) = postSolution
		SolutionGuid = {5395A93F-8EE5-4E6C-8B67-0233119E9344}
	EndGlobalSection
EndGlobal
